
Microsoft Visual Studio Solution File, Format Version 12.00
# Visual Studio Version 17
VisualStudioVersion = 17.1.32228.430
MinimumVisualStudioVersion = 10.0.40219.1
Project("{00D1A9C2-B5F0-4AF3-8072-F6C62B433612}") = "DatabaseProject_Bare", "DatabaseProject_Bare\DatabaseProject_Bare.sqlproj", "{AB7DDEFF-5101-456F-A164-1CA726C5FC2A}"
EndProject
Global
	GlobalSection(SolutionConfigurationPlatforms) = preSolution
		Debug|Any CPU = Debug|Any CPU
		Release|Any CPU = Release|Any CPU
	EndGlobalSection
	GlobalSection(ProjectConfigurationPlatforms) = postSolution
		{AB7DDEFF-5101-456F-A164-1CA726C5FC2A}.Debug|Any CPU.ActiveCfg = Debug|Any CPU
		{AB7DDEFF-5101-456F-A164-1CA726C5FC2A}.Debug|Any CPU.Build.0 = Debug|Any CPU
		{AB7DDEFF-5101-456F-A164-1CA726C5FC2A}.Debug|Any CPU.Deploy.0 = Debug|Any CPU
		{AB7DDEFF-5101-456F-A164-1CA726C5FC2A}.Release|Any CPU.ActiveCfg = Release|Any CPU
		{AB7DDEFF-5101-456F-A164-1CA726C5FC2A}.Release|Any CPU.Build.0 = Release|Any CPU
		{AB7DDEFF-5101-456F-A164-1CA726C5FC2A}.Release|Any CPU.Deploy.0 = Release|Any CPU
	EndGlobalSection
	GlobalSection(SolutionProperties) = preSolution
		HideSolutionNode = FALSE
	EndGlobalSection
	GlobalSection(ExtensibilityGlobals) = postSolution
		SolutionGuid = {6547D840-0BFA-4EC9-A966-782911D39E13}
	EndGlobalSection
EndGlobal
